# THIS IS AN AUTOGENERATED FILE. DO NOT EDIT THIS FILE DIRECTLY.
# yarn lockfile v1


lightweight-utils@^0.0.13:
  version "0.0.13"
  resolved "https://registry.yarnpkg.com/lightweight-utils/-/lightweight-utils-0.0.13.tgz#50d7766c4be9c0c1d95a4af1c462a7683345b852"

react-dom-factories@^1.0.2:
  version "1.0.2"
  resolved "https://registry.yarnpkg.com/react-dom-factories/-/react-dom-factories-1.0.2.tgz#eb7705c4db36fb501b3aa38ff759616aa0ff96e0"
